
Microsoft Visual Studio Solution File, Format Version 12.00
# Visual Studio Version 17
VisualStudioVersion = 17.6.33723.286
MinimumVisualStudioVersion = 10.0.40219.1
Project("{FAE04EC0-301F-11D3-BF4B-00C04F79EFBC}") = "FileManager", "FileManager\FileManager.csproj", "{F38EDF3B-4641-4213-8598-0033E24A84E4}"
EndProject
Global
	GlobalSection(SolutionConfigurationPlatforms) = preSolution
		Debug|Any CPU = Debug|Any CPU
		Release|Any CPU = Release|Any CPU
	EndGlobalSection
	GlobalSection(ProjectConfigurationPlatforms) = postSolution
		{F38EDF3B-4641-4213-8598-0033E24A84E4}.Debug|Any CPU.ActiveCfg = Debug|Any CPU
		{F38EDF3B-4641-4213-8598-0033E24A84E4}.Debug|Any CPU.Build.0 = Debug|Any CPU
		{F38EDF3B-4641-4213-8598-0033E24A84E4}.Release|Any CPU.ActiveCfg = Release|Any CPU
		{F38EDF3B-4641-4213-8598-0033E24A84E4}.Release|Any CPU.Build.0 = Release|Any CPU
	EndGlobalSection
	GlobalSection(SolutionProperties) = preSolution
		HideSolutionNode = FALSE
	EndGlobalSection
	GlobalSection(ExtensibilityGlobals) = postSolution
		SolutionGuid = {C3632115-397D-4B0E-A333-9DFC55C506CC}
	EndGlobalSection
EndGlobal
