
Microsoft Visual Studio Solution File, Format Version 12.00
# Visual Studio Version 17
VisualStudioVersion = 17.9.34902.65
MinimumVisualStudioVersion = 10.0.40219.1
Project("{FAE04EC0-301F-11D3-BF4B-00C04F79EFBC}") = "ConsumingOpenAI", "ConsumingOpenAI\ConsumingOpenAI.csproj", "{FA4FB3E0-ACCC-4F56-A0D3-F5B342A8241D}"
EndProject
Global
	GlobalSection(SolutionConfigurationPlatforms) = preSolution
		Debug|Any CPU = Debug|Any CPU
		Release|Any CPU = Release|Any CPU
	EndGlobalSection
	GlobalSection(ProjectConfigurationPlatforms) = postSolution
		{FA4FB3E0-ACCC-4F56-A0D3-F5B342A8241D}.Debug|Any CPU.ActiveCfg = Debug|Any CPU
		{FA4FB3E0-ACCC-4F56-A0D3-F5B342A8241D}.Debug|Any CPU.Build.0 = Debug|Any CPU
		{FA4FB3E0-ACCC-4F56-A0D3-F5B342A8241D}.Release|Any CPU.ActiveCfg = Release|Any CPU
		{FA4FB3E0-ACCC-4F56-A0D3-F5B342A8241D}.Release|Any CPU.Build.0 = Release|Any CPU
	EndGlobalSection
	GlobalSection(SolutionProperties) = preSolution
		HideSolutionNode = FALSE
	EndGlobalSection
	GlobalSection(ExtensibilityGlobals) = postSolution
		SolutionGuid = {D2B09038-F05B-4509-82D4-684792E3D3D3}
	EndGlobalSection
EndGlobal
