
Microsoft Visual Studio Solution File, Format Version 12.00
# Visual Studio Version 17
VisualStudioVersion = 17.9.34902.65
MinimumVisualStudioVersion = 10.0.40219.1
Project("{FAE04EC0-301F-11D3-BF4B-00C04F79EFBC}") = "MyCalculator", "MyCalculator\MyCalculator.csproj", "{FCC793A4-D7D9-45D8-9F82-E970FFF0C63C}"
EndProject
Project("{FAE04EC0-301F-11D3-BF4B-00C04F79EFBC}") = "MyCalculator.Tests", "MyCalculator.Tests\MyCalculator.Tests.csproj", "{32C24698-F26E-416B-B8C5-1479CF6317E0}"
EndProject
Global
	GlobalSection(SolutionConfigurationPlatforms) = preSolution
		Debug|Any CPU = Debug|Any CPU
		Release|Any CPU = Release|Any CPU
	EndGlobalSection
	GlobalSection(ProjectConfigurationPlatforms) = postSolution
		{FCC793A4-D7D9-45D8-9F82-E970FFF0C63C}.Debug|Any CPU.ActiveCfg = Debug|Any CPU
		{FCC793A4-D7D9-45D8-9F82-E970FFF0C63C}.Debug|Any CPU.Build.0 = Debug|Any CPU
		{FCC793A4-D7D9-45D8-9F82-E970FFF0C63C}.Release|Any CPU.ActiveCfg = Release|Any CPU
		{FCC793A4-D7D9-45D8-9F82-E970FFF0C63C}.Release|Any CPU.Build.0 = Release|Any CPU
		{32C24698-F26E-416B-B8C5-1479CF6317E0}.Debug|Any CPU.ActiveCfg = Debug|Any CPU
		{32C24698-F26E-416B-B8C5-1479CF6317E0}.Debug|Any CPU.Build.0 = Debug|Any CPU
		{32C24698-F26E-416B-B8C5-1479CF6317E0}.Release|Any CPU.ActiveCfg = Release|Any CPU
		{32C24698-F26E-416B-B8C5-1479CF6317E0}.Release|Any CPU.Build.0 = Release|Any CPU
	EndGlobalSection
	GlobalSection(SolutionProperties) = preSolution
		HideSolutionNode = FALSE
	EndGlobalSection
	GlobalSection(ExtensibilityGlobals) = postSolution
		SolutionGuid = {69E007E7-D704-40BA-95F2-AAE85A32D4EB}
	EndGlobalSection
EndGlobal
