
Microsoft Visual Studio Solution File, Format Version 12.00
# Visual Studio Version 17
VisualStudioVersion = 17.7.34018.315
MinimumVisualStudioVersion = 10.0.40219.1
Project("{FAE04EC0-301F-11D3-BF4B-00C04F79EFBC}") = "API_ClubeDoLivro", "API_ClubeDoLivro\API_ClubeDoLivro.csproj", "{6B53BE44-50D8-4297-BC7B-BA2BB602FE68}"
EndProject
Global
	GlobalSection(SolutionConfigurationPlatforms) = preSolution
		Debug|Any CPU = Debug|Any CPU
		Release|Any CPU = Release|Any CPU
	EndGlobalSection
	GlobalSection(ProjectConfigurationPlatforms) = postSolution
		{6B53BE44-50D8-4297-BC7B-BA2BB602FE68}.Debug|Any CPU.ActiveCfg = Debug|Any CPU
		{6B53BE44-50D8-4297-BC7B-BA2BB602FE68}.Debug|Any CPU.Build.0 = Debug|Any CPU
		{6B53BE44-50D8-4297-BC7B-BA2BB602FE68}.Release|Any CPU.ActiveCfg = Release|Any CPU
		{6B53BE44-50D8-4297-BC7B-BA2BB602FE68}.Release|Any CPU.Build.0 = Release|Any CPU
	EndGlobalSection
	GlobalSection(SolutionProperties) = preSolution
		HideSolutionNode = FALSE
	EndGlobalSection
	GlobalSection(ExtensibilityGlobals) = postSolution
		SolutionGuid = {200E9141-DD62-4760-AC15-FE822DD88FD8}
	EndGlobalSection
EndGlobal
