
Microsoft Visual Studio Solution File, Format Version 12.00
# Visual Studio Version 17
VisualStudioVersion = 17.9.34902.65
MinimumVisualStudioVersion = 10.0.40219.1
Project("{9A19103F-16F7-4668-BE54-9A1E7A4F7556}") = "TaskManager.Tests", "TaskManager.Tests\TaskManager.Tests.csproj", "{D96E126F-3616-44BC-930E-1B68A1BBE024}"
EndProject
Project("{FAE04EC0-301F-11D3-BF4B-00C04F79EFBC}") = "TaskManager.Domain", "TaskManager.Domain\TaskManager.Domain.csproj", "{9D5908D6-A671-4442-B05B-1EB78D726E19}"
EndProject
Global
	GlobalSection(SolutionConfigurationPlatforms) = preSolution
		Debug|Any CPU = Debug|Any CPU
		Release|Any CPU = Release|Any CPU
	EndGlobalSection
	GlobalSection(ProjectConfigurationPlatforms) = postSolution
		{D96E126F-3616-44BC-930E-1B68A1BBE024}.Debug|Any CPU.ActiveCfg = Debug|Any CPU
		{D96E126F-3616-44BC-930E-1B68A1BBE024}.Debug|Any CPU.Build.0 = Debug|Any CPU
		{D96E126F-3616-44BC-930E-1B68A1BBE024}.Release|Any CPU.ActiveCfg = Release|Any CPU
		{D96E126F-3616-44BC-930E-1B68A1BBE024}.Release|Any CPU.Build.0 = Release|Any CPU
		{9D5908D6-A671-4442-B05B-1EB78D726E19}.Debug|Any CPU.ActiveCfg = Debug|Any CPU
		{9D5908D6-A671-4442-B05B-1EB78D726E19}.Debug|Any CPU.Build.0 = Debug|Any CPU
		{9D5908D6-A671-4442-B05B-1EB78D726E19}.Release|Any CPU.ActiveCfg = Release|Any CPU
		{9D5908D6-A671-4442-B05B-1EB78D726E19}.Release|Any CPU.Build.0 = Release|Any CPU
	EndGlobalSection
	GlobalSection(SolutionProperties) = preSolution
		HideSolutionNode = FALSE
	EndGlobalSection
	GlobalSection(ExtensibilityGlobals) = postSolution
		SolutionGuid = {51098DB3-16D0-460C-AD28-4CD15971E660}
	EndGlobalSection
EndGlobal
